
Microsoft Visual Studio Solution File, Format Version 12.00
# Visual Studio 15
VisualStudioVersion = 15.0.27703.2042
MinimumVisualStudioVersion = 10.0.40219.1
Project("{FAE04EC0-301F-11D3-BF4B-00C04F79EFBC}") = "SharePoint-Hosted-Add-in", "SharePoint-Hosted-Add-in\SharePoint-Hosted-Add-in.csproj", "{3F1E4CC8-F21C-4567-8BBB-745A2090FA4B}"
EndProject
Global
	GlobalSection(SolutionConfigurationPlatforms) = preSolution
		Debug|Any CPU = Debug|Any CPU
		Release|Any CPU = Release|Any CPU
	EndGlobalSection
	GlobalSection(ProjectConfigurationPlatforms) = postSolution
		{3F1E4CC8-F21C-4567-8BBB-745A2090FA4B}.Debug|Any CPU.ActiveCfg = Debug|Any CPU
		{3F1E4CC8-F21C-4567-8BBB-745A2090FA4B}.Debug|Any CPU.Build.0 = Debug|Any CPU
		{3F1E4CC8-F21C-4567-8BBB-745A2090FA4B}.Debug|Any CPU.Deploy.0 = Debug|Any CPU
		{3F1E4CC8-F21C-4567-8BBB-745A2090FA4B}.Release|Any CPU.ActiveCfg = Release|Any CPU
		{3F1E4CC8-F21C-4567-8BBB-745A2090FA4B}.Release|Any CPU.Build.0 = Release|Any CPU
		{3F1E4CC8-F21C-4567-8BBB-745A2090FA4B}.Release|Any CPU.Deploy.0 = Release|Any CPU
	EndGlobalSection
	GlobalSection(SolutionProperties) = preSolution
		HideSolutionNode = FALSE
	EndGlobalSection
	GlobalSection(ExtensibilityGlobals) = postSolution
		SolutionGuid = {1D79CCFD-C9C4-4026-B8D6-DD5BF7B8F24A}
	EndGlobalSection
EndGlobal
